# This file is autogenerated, do not edit; changes may be undone by the next 'dep ensure'.


[[projects]]
  branch = "master"
  name = "github.com/jackwakefield/graff"
  packages = ["."]
  revision = "6444aa5a6efb9f8b36fa98232c6bfcbb4bc15486"

[[projects]]
  branch = "master"
  name = "github.com/tmc/dot"
  packages = ["."]
  revision = "8c03d6afdb435c5f35748288e2b9c1dbb484ae56"

[[projects]]
  branch = "master"
  name = "golang.org/x/net"
  packages = ["context"]
  revision = "2491c5de3490fced2f6cff376127c667efeed857"

[[projects]]
  branch = "master"
  name = "golang.org/x/sync"
  packages = ["errgroup"]
  revision = "1d60e4601c6fd243af51cc01ddf169918a5407ca"

[solve-meta]
  analyzer-name = "dep"
  analyzer-version = 1
  inputs-digest = "980ab2122b61cf1970eb1b92fac344a4fc475ff45ddfe01ae0180fc28d241d6f"
  solver-name = "gps-cdcl"
  solver-version = 1
